// !$*UTF8*$!
{
	archiveVersion = 1;
	classes = {
	};
	objectVersion = 56;
	objects = {

/* Begin PBXBuildFile section */
		191C46D02B4998F800297550 /* VideoPlayerView.swift in Sources */ = {isa = PBXBuildFile; fileRef = 191C46CF2B4998F800297550 /* VideoPlayerView.swift */; };
		191C46D52B49A84600297550 /* cooking.mp4 in Resources */ = {isa = PBXBuildFile; fileRef = 191C46D42B49A84600297550 /* cooking.mp4 */; };
		19C0C6DA2B4A0E4400385FA4 /* SizeHelper.swift in Sources */ = {isa = PBXBuildFile; fileRef = 19C0C6D92B4A0E4400385FA4 /* SizeHelper.swift */; };
		19C0C6DD2B4A134A00385FA4 /* ColorConstants.swift in Sources */ = {isa = PBXBuildFile; fileRef = 19C0C6DC2B4A134A00385FA4 /* ColorConstants.swift */; };
		19C0C6DF2B4A13DF00385FA4 /* StringConstants.swift in Sources */ = {isa = PBXBuildFile; fileRef = 19C0C6DE2B4A13DF00385FA4 /* StringConstants.swift */; };
		19F2CB532B44DEEA000278B6 /* AppDelegate.swift in Sources */ = {isa = PBXBuildFile; fileRef = 19F2CB522B44DEEA000278B6 /* AppDelegate.swift */; };
		19F2CB552B44DEEA000278B6 /* SceneDelegate.swift in Sources */ = {isa = PBXBuildFile; fileRef = 19F2CB542B44DEEA000278B6 /* SceneDelegate.swift */; };
		19F2CB572B44DEEA000278B6 /* OnboardingViewController.swift in Sources */ = {isa = PBXBuildFile; fileRef = 19F2CB562B44DEEA000278B6 /* OnboardingViewController.swift */; };
		19F2CB5C2B44DEED000278B6 /* Assets.xcassets in Resources */ = {isa = PBXBuildFile; fileRef = 19F2CB5B2B44DEED000278B6 /* Assets.xcassets */; };
		19F2CB5F2B44DEED000278B6 /* LaunchScreen.storyboard in Resources */ = {isa = PBXBuildFile; fileRef = 19F2CB5D2B44DEED000278B6 /* LaunchScreen.storyboard */; };
		19F2CB6A2B44DEED000278B6 /* mealmeTests.swift in Sources */ = {isa = PBXBuildFile; fileRef = 19F2CB692B44DEED000278B6 /* mealmeTests.swift */; };
		19F2CB742B44DEED000278B6 /* mealmeUITests.swift in Sources */ = {isa = PBXBuildFile; fileRef = 19F2CB732B44DEED000278B6 /* mealmeUITests.swift */; };
		19F2CB762B44DEED000278B6 /* mealmeUITestsLaunchTests.swift in Sources */ = {isa = PBXBuildFile; fileRef = 19F2CB752B44DEED000278B6 /* mealmeUITestsLaunchTests.swift */; };
		19F2CB872B45BA5D000278B6 /* OnboardingNavigationViewController.swift in Sources */ = {isa = PBXBuildFile; fileRef = 19F2CB862B45BA5D000278B6 /* OnboardingNavigationViewController.swift */; };
		19F2CB902B45C717000278B6 /* OnboardingView.swift in Sources */ = {isa = PBXBuildFile; fileRef = 19F2CB8F2B45C717000278B6 /* OnboardingView.swift */; };
/* End PBXBuildFile section */

/* Begin PBXContainerItemProxy section */
		19F2CB662B44DEED000278B6 /* PBXContainerItemProxy */ = {
			isa = PBXContainerItemProxy;
			containerPortal = 19F2CB472B44DEEA000278B6 /* Project object */;
			proxyType = 1;
			remoteGlobalIDString = 19F2CB4E2B44DEEA000278B6;
			remoteInfo = mealme;
		};
		19F2CB702B44DEED000278B6 /* PBXContainerItemProxy */ = {
			isa = PBXContainerItemProxy;
			containerPortal = 19F2CB472B44DEEA000278B6 /* Project object */;
			proxyType = 1;
			remoteGlobalIDString = 19F2CB4E2B44DEEA000278B6;
			remoteInfo = mealme;
		};
/* End PBXContainerItemProxy section */

/* Begin PBXFileReference section */
		191C46CF2B4998F800297550 /* VideoPlayerView.swift */ = {isa = PBXFileReference; lastKnownFileType = sourcecode.swift; path = VideoPlayerView.swift; sourceTree = "<group>"; };
		191C46D42B49A84600297550 /* cooking.mp4 */ = {isa = PBXFileReference; lastKnownFileType = file; path = cooking.mp4; sourceTree = "<group>"; };
		19C0C6D92B4A0E4400385FA4 /* SizeHelper.swift */ = {isa = PBXFileReference; lastKnownFileType = sourcecode.swift; path = SizeHelper.swift; sourceTree = "<group>"; };
		19C0C6DC2B4A134A00385FA4 /* ColorConstants.swift */ = {isa = PBXFileReference; lastKnownFileType = sourcecode.swift; path = ColorConstants.swift; sourceTree = "<group>"; };
		19C0C6DE2B4A13DF00385FA4 /* StringConstants.swift */ = {isa = PBXFileReference; lastKnownFileType = sourcecode.swift; path = StringConstants.swift; sourceTree = "<group>"; };
		19F2CB4F2B44DEEA000278B6 /* mealme.app */ = {isa = PBXFileReference; explicitFileType = wrapper.application; includeInIndex = 0; path = mealme.app; sourceTree = BUILT_PRODUCTS_DIR; };
		19F2CB522B44DEEA000278B6 /* AppDelegate.swift */ = {isa = PBXFileReference; lastKnownFileType = sourcecode.swift; path = AppDelegate.swift; sourceTree = "<group>"; };
		19F2CB542B44DEEA000278B6 /* SceneDelegate.swift */ = {isa = PBXFileReference; lastKnownFileType = sourcecode.swift; path = SceneDelegate.swift; sourceTree = "<group>"; };
		19F2CB562B44DEEA000278B6 /* OnboardingViewController.swift */ = {isa = PBXFileReference; lastKnownFileType = sourcecode.swift; path = OnboardingViewController.swift; sourceTree = "<group>"; };
		19F2CB5B2B44DEED000278B6 /* Assets.xcassets */ = {isa = PBXFileReference; lastKnownFileType = folder.assetcatalog; path = Assets.xcassets; sourceTree = "<group>"; };
		19F2CB5E2B44DEED000278B6 /* Base */ = {isa = PBXFileReference; lastKnownFileType = file.storyboard; name = Base; path = Base.lproj/LaunchScreen.storyboard; sourceTree = "<group>"; };
		19F2CB602B44DEED000278B6 /* Info.plist */ = {isa = PBXFileReference; lastKnownFileType = text.plist.xml; path = Info.plist; sourceTree = "<group>"; };
		19F2CB652B44DEED000278B6 /* mealmeTests.xctest */ = {isa = PBXFileReference; explicitFileType = wrapper.cfbundle; includeInIndex = 0; path = mealmeTests.xctest; sourceTree = BUILT_PRODUCTS_DIR; };
		19F2CB692B44DEED000278B6 /* mealmeTests.swift */ = {isa = PBXFileReference; lastKnownFileType = sourcecode.swift; path = mealmeTests.swift; sourceTree = "<group>"; };
		19F2CB6F2B44DEED000278B6 /* mealmeUITests.xctest */ = {isa = PBXFileReference; explicitFileType = wrapper.cfbundle; includeInIndex = 0; path = mealmeUITests.xctest; sourceTree = BUILT_PRODUCTS_DIR; };
		19F2CB732B44DEED000278B6 /* mealmeUITests.swift */ = {isa = PBXFileReference; lastKnownFileType = sourcecode.swift; path = mealmeUITests.swift; sourceTree = "<group>"; };
		19F2CB752B44DEED000278B6 /* mealmeUITestsLaunchTests.swift */ = {isa = PBXFileReference; lastKnownFileType = sourcecode.swift; path = mealmeUITestsLaunchTests.swift; sourceTree = "<group>"; };
		19F2CB862B45BA5D000278B6 /* OnboardingNavigationViewController.swift */ = {isa = PBXFileReference; lastKnownFileType = sourcecode.swift; path = OnboardingNavigationViewController.swift; sourceTree = "<group>"; };
		19F2CB8F2B45C717000278B6 /* OnboardingView.swift */ = {isa = PBXFileReference; lastKnownFileType = sourcecode.swift; path = OnboardingView.swift; sourceTree = "<group>"; };
/* End PBXFileReference section */

/* Begin PBXFrameworksBuildPhase section */
		19F2CB4C2B44DEEA000278B6 /* Frameworks */ = {
			isa = PBXFrameworksBuildPhase;
			buildActionMask = 2147483647;
			files = (
			);
			runOnlyForDeploymentPostprocessing = 0;
		};
		19F2CB622B44DEED000278B6 /* Frameworks */ = {
			isa = PBXFrameworksBuildPhase;
			buildActionMask = 2147483647;
			files = (
			);
			runOnlyForDeploymentPostprocessing = 0;
		};
		19F2CB6C2B44DEED000278B6 /* Frameworks */ = {
			isa = PBXFrameworksBuildPhase;
			buildActionMask = 2147483647;
			files = (
			);
			runOnlyForDeploymentPostprocessing = 0;
		};
/* End PBXFrameworksBuildPhase section */

/* Begin PBXGroup section */
		191C46D12B49A20600297550 /* Assets */ = {
			isa = PBXGroup;
			children = (
				19F2CB5B2B44DEED000278B6 /* Assets.xcassets */,
			);
			path = Assets;
			sourceTree = "<group>";
		};
		191C46D22B49A21000297550 /* Video */ = {
			isa = PBXGroup;
			children = (
				191C46D42B49A84600297550 /* cooking.mp4 */,
			);
			path = Video;
			sourceTree = "<group>";
		};
		19C0C6DB2B4A132D00385FA4 /* Constants */ = {
			isa = PBXGroup;
			children = (
				19C0C6DC2B4A134A00385FA4 /* ColorConstants.swift */,
				19C0C6DE2B4A13DF00385FA4 /* StringConstants.swift */,
			);
			path = Constants;
			sourceTree = "<group>";
		};
		19F2CB462B44DEEA000278B6 = {
			isa = PBXGroup;
			children = (
				19F2CB512B44DEEA000278B6 /* mealme */,
				19F2CB682B44DEED000278B6 /* mealmeTests */,
				19F2CB722B44DEED000278B6 /* mealmeUITests */,
				19F2CB502B44DEEA000278B6 /* Products */,
			);
			sourceTree = "<group>";
		};
		19F2CB502B44DEEA000278B6 /* Products */ = {
			isa = PBXGroup;
			children = (
				19F2CB4F2B44DEEA000278B6 /* mealme.app */,
				19F2CB652B44DEED000278B6 /* mealmeTests.xctest */,
				19F2CB6F2B44DEED000278B6 /* mealmeUITests.xctest */,
			);
			name = Products;
			sourceTree = "<group>";
		};
		19F2CB512B44DEEA000278B6 /* mealme */ = {
			isa = PBXGroup;
			children = (
				19F2CB882B45BB70000278B6 /* Views */,
				19F2CB892B45BB76000278B6 /* ViewModels */,
				19F2CB8A2B45BB83000278B6 /* Models */,
				19F2CB8C2B45BB98000278B6 /* Controllers */,
				19F2CB822B45B6EB000278B6 /* Common */,
				19F2CB602B44DEED000278B6 /* Info.plist */,
			);
			path = mealme;
			sourceTree = "<group>";
		};
		19F2CB682B44DEED000278B6 /* mealmeTests */ = {
			isa = PBXGroup;
			children = (
				19F2CB692B44DEED000278B6 /* mealmeTests.swift */,
			);
			path = mealmeTests;
			sourceTree = "<group>";
		};
		19F2CB722B44DEED000278B6 /* mealmeUITests */ = {
			isa = PBXGroup;
			children = (
				19F2CB732B44DEED000278B6 /* mealmeUITests.swift */,
				19F2CB752B44DEED000278B6 /* mealmeUITestsLaunchTests.swift */,
			);
			path = mealmeUITests;
			sourceTree = "<group>";
		};
		19F2CB822B45B6EB000278B6 /* Common */ = {
			isa = PBXGroup;
			children = (
				19C0C6DB2B4A132D00385FA4 /* Constants */,
				19F2CB8E2B45BBAE000278B6 /* Extentions */,
				19F2CB8D2B45BBA5000278B6 /* Helpers */,
				19F2CB8B2B45BB8D000278B6 /* Network */,
				19F2CB852B45B8C9000278B6 /* Navigation */,
				19F2CB842B45B8B6000278B6 /* Setup */,
				19F2CB832B45B6FD000278B6 /* Resourses */,
			);
			path = Common;
			sourceTree = "<group>";
		};
		19F2CB832B45B6FD000278B6 /* Resourses */ = {
			isa = PBXGroup;
			children = (
				191C46D22B49A21000297550 /* Video */,
				191C46D12B49A20600297550 /* Assets */,
				19F2CB5D2B44DEED000278B6 /* LaunchScreen.storyboard */,
			);
			path = Resourses;
			sourceTree = "<group>";
		};
		19F2CB842B45B8B6000278B6 /* Setup */ = {
			isa = PBXGroup;
			children = (
				19F2CB542B44DEEA000278B6 /* SceneDelegate.swift */,
				19F2CB522B44DEEA000278B6 /* AppDelegate.swift */,
			);
			path = Setup;
			sourceTree = "<group>";
		};
		19F2CB852B45B8C9000278B6 /* Navigation */ = {
			isa = PBXGroup;
			children = (
				19F2CB862B45BA5D000278B6 /* OnboardingNavigationViewController.swift */,
			);
			path = Navigation;
			sourceTree = "<group>";
		};
		19F2CB882B45BB70000278B6 /* Views */ = {
			isa = PBXGroup;
			children = (
				19F2CB912B460343000278B6 /* Components */,
				19F2CB8F2B45C717000278B6 /* OnboardingView.swift */,
			);
			path = Views;
			sourceTree = "<group>";
		};
		19F2CB892B45BB76000278B6 /* ViewModels */ = {
			isa = PBXGroup;
			children = (
			);
			path = ViewModels;
			sourceTree = "<group>";
		};
		19F2CB8A2B45BB83000278B6 /* Models */ = {
			isa = PBXGroup;
			children = (
			);
			path = Models;
			sourceTree = "<group>";
		};
		19F2CB8B2B45BB8D000278B6 /* Network */ = {
			isa = PBXGroup;
			children = (
			);
			path = Network;
			sourceTree = "<group>";
		};
		19F2CB8C2B45BB98000278B6 /* Controllers */ = {
			isa = PBXGroup;
			children = (
				19F2CB562B44DEEA000278B6 /* OnboardingViewController.swift */,
			);
			path = Controllers;
			sourceTree = "<group>";
		};
		19F2CB8D2B45BBA5000278B6 /* Helpers */ = {
			isa = PBXGroup;
			children = (
				19C0C6D92B4A0E4400385FA4 /* SizeHelper.swift */,
			);
			path = Helpers;
			sourceTree = "<group>";
		};
		19F2CB8E2B45BBAE000278B6 /* Extentions */ = {
			isa = PBXGroup;
			children = (
			);
			path = Extentions;
			sourceTree = "<group>";
		};
		19F2CB912B460343000278B6 /* Components */ = {
			isa = PBXGroup;
			children = (
				191C46CF2B4998F800297550 /* VideoPlayerView.swift */,
			);
			path = Components;
			sourceTree = "<group>";
		};
/* End PBXGroup section */

/* Begin PBXNativeTarget section */
		19F2CB4E2B44DEEA000278B6 /* mealme */ = {
			isa = PBXNativeTarget;
			buildConfigurationList = 19F2CB792B44DEED000278B6 /* Build configuration list for PBXNativeTarget "mealme" */;
			buildPhases = (
				19F2CB4B2B44DEEA000278B6 /* Sources */,
				19F2CB4C2B44DEEA000278B6 /* Frameworks */,
				19F2CB4D2B44DEEA000278B6 /* Resources */,
			);
			buildRules = (
			);
			dependencies = (
			);
			name = mealme;
			productName = mealme;
			productReference = 19F2CB4F2B44DEEA000278B6 /* mealme.app */;
			productType = "com.apple.product-type.application";
		};
		19F2CB642B44DEED000278B6 /* mealmeTests */ = {
			isa = PBXNativeTarget;
			buildConfigurationList = 19F2CB7C2B44DEED000278B6 /* Build configuration list for PBXNativeTarget "mealmeTests" */;
			buildPhases = (
				19F2CB612B44DEED000278B6 /* Sources */,
				19F2CB622B44DEED000278B6 /* Frameworks */,
				19F2CB632B44DEED000278B6 /* Resources */,
			);
			buildRules = (
			);
			dependencies = (
				19F2CB672B44DEED000278B6 /* PBXTargetDependency */,
			);
			name = mealmeTests;
			productName = mealmeTests;
			productReference = 19F2CB652B44DEED000278B6 /* mealmeTests.xctest */;
			productType = "com.apple.product-type.bundle.unit-test";
		};
		19F2CB6E2B44DEED000278B6 /* mealmeUITests */ = {
			isa = PBXNativeTarget;
			buildConfigurationList = 19F2CB7F2B44DEED000278B6 /* Build configuration list for PBXNativeTarget "mealmeUITests" */;
			buildPhases = (
				19F2CB6B2B44DEED000278B6 /* Sources */,
				19F2CB6C2B44DEED000278B6 /* Frameworks */,
				19F2CB6D2B44DEED000278B6 /* Resources */,
			);
			buildRules = (
			);
			dependencies = (
				19F2CB712B44DEED000278B6 /* PBXTargetDependency */,
			);
			name = mealmeUITests;
			productName = mealmeUITests;
			productReference = 19F2CB6F2B44DEED000278B6 /* mealmeUITests.xctest */;
			productType = "com.apple.product-type.bundle.ui-testing";
		};
/* End PBXNativeTarget section */

/* Begin PBXProject section */
		19F2CB472B44DEEA000278B6 /* Project object */ = {
			isa = PBXProject;
			attributes = {
				BuildIndependentTargetsInParallel = 1;
				LastSwiftUpdateCheck = 1520;
				LastUpgradeCheck = 1520;
				TargetAttributes = {
					19F2CB4E2B44DEEA000278B6 = {
						CreatedOnToolsVersion = 15.2;
					};
					19F2CB642B44DEED000278B6 = {
						CreatedOnToolsVersion = 15.2;
						TestTargetID = 19F2CB4E2B44DEEA000278B6;
					};
					19F2CB6E2B44DEED000278B6 = {
						CreatedOnToolsVersion = 15.2;
						TestTargetID = 19F2CB4E2B44DEEA000278B6;
					};
				};
			};
			buildConfigurationList = 19F2CB4A2B44DEEA000278B6 /* Build configuration list for PBXProject "mealme" */;
			compatibilityVersion = "Xcode 14.0";
			developmentRegion = en;
			hasScannedForEncodings = 0;
			knownRegions = (
				en,
				Base,
			);
			mainGroup = 19F2CB462B44DEEA000278B6;
			productRefGroup = 19F2CB502B44DEEA000278B6 /* Products */;
			projectDirPath = "";
			projectRoot = "";
			targets = (
				19F2CB4E2B44DEEA000278B6 /* mealme */,
				19F2CB642B44DEED000278B6 /* mealmeTests */,
				19F2CB6E2B44DEED000278B6 /* mealmeUITests */,
			);
		};
/* End PBXProject section */

/* Begin PBXResourcesBuildPhase section */
		19F2CB4D2B44DEEA000278B6 /* Resources */ = {
			isa = PBXResourcesBuildPhase;
			buildActionMask = 2147483647;
			files = (
				19F2CB5F2B44DEED000278B6 /* LaunchScreen.storyboard in Resources */,
				19F2CB5C2B44DEED000278B6 /* Assets.xcassets in Resources */,
				191C46D52B49A84600297550 /* cooking.mp4 in Resources */,
			);
			runOnlyForDeploymentPostprocessing = 0;
		};
		19F2CB632B44DEED000278B6 /* Resources */ = {
			isa = PBXResourcesBuildPhase;
			buildActionMask = 2147483647;
			files = (
			);
			runOnlyForDeploymentPostprocessing = 0;
		};
		19F2CB6D2B44DEED000278B6 /* Resources */ = {
			isa = PBXResourcesBuildPhase;
			buildActionMask = 2147483647;
			files = (
			);
			runOnlyForDeploymentPostprocessing = 0;
		};
/* End PBXResourcesBuildPhase section */

/* Begin PBXSourcesBuildPhase section */
		19F2CB4B2B44DEEA000278B6 /* Sources */ = {
			isa = PBXSourcesBuildPhase;
			buildActionMask = 2147483647;
			files = (
				19C0C6DA2B4A0E4400385FA4 /* SizeHelper.swift in Sources */,
				19F2CB572B44DEEA000278B6 /* OnboardingViewController.swift in Sources */,
				19C0C6DF2B4A13DF00385FA4 /* StringConstants.swift in Sources */,
				19F2CB532B44DEEA000278B6 /* AppDelegate.swift in Sources */,
				19C0C6DD2B4A134A00385FA4 /* ColorConstants.swift in Sources */,
				19F2CB552B44DEEA000278B6 /* SceneDelegate.swift in Sources */,
				19F2CB902B45C717000278B6 /* OnboardingView.swift in Sources */,
				19F2CB872B45BA5D000278B6 /* OnboardingNavigationViewController.swift in Sources */,
				191C46D02B4998F800297550 /* VideoPlayerView.swift in Sources */,
			);
			runOnlyForDeploymentPostprocessing = 0;
		};
		19F2CB612B44DEED000278B6 /* Sources */ = {
			isa = PBXSourcesBuildPhase;
			buildActionMask = 2147483647;
			files = (
				19F2CB6A2B44DEED000278B6 /* mealmeTests.swift in Sources */,
			);
			runOnlyForDeploymentPostprocessing = 0;
		};
		19F2CB6B2B44DEED000278B6 /* Sources */ = {
			isa = PBXSourcesBuildPhase;
			buildActionMask = 2147483647;
			files = (
				19F2CB742B44DEED000278B6 /* mealmeUITests.swift in Sources */,
				19F2CB762B44DEED000278B6 /* mealmeUITestsLaunchTests.swift in Sources */,
			);
			runOnlyForDeploymentPostprocessing = 0;
		};
/* End PBXSourcesBuildPhase section */

/* Begin PBXTargetDependency section */
		19F2CB672B44DEED000278B6 /* PBXTargetDependency */ = {
			isa = PBXTargetDependency;
			target = 19F2CB4E2B44DEEA000278B6 /* mealme */;
			targetProxy = 19F2CB662B44DEED000278B6 /* PBXContainerItemProxy */;
		};
		19F2CB712B44DEED000278B6 /* PBXTargetDependency */ = {
			isa = PBXTargetDependency;
			target = 19F2CB4E2B44DEEA000278B6 /* mealme */;
			targetProxy = 19F2CB702B44DEED000278B6 /* PBXContainerItemProxy */;
		};
/* End PBXTargetDependency section */

/* Begin PBXVariantGroup section */
		19F2CB5D2B44DEED000278B6 /* LaunchScreen.storyboard */ = {
			isa = PBXVariantGroup;
			children = (
				19F2CB5E2B44DEED000278B6 /* Base */,
			);
			name = LaunchScreen.storyboard;
			sourceTree = "<group>";
		};
/* End PBXVariantGroup section */

/* Begin XCBuildConfiguration section */
		19F2CB772B44DEED000278B6 /* Debug */ = {
			isa = XCBuildConfiguration;
			buildSettings = {
				ALWAYS_SEARCH_USER_PATHS = NO;
				ASSETCATALOG_COMPILER_GENERATE_SWIFT_ASSET_SYMBOL_EXTENSIONS = YES;
				CLANG_ANALYZER_NONNULL = YES;
				CLANG_ANALYZER_NUMBER_OBJECT_CONVERSION = YES_AGGRESSIVE;
				CLANG_CXX_LANGUAGE_STANDARD = "gnu++20";
				CLANG_ENABLE_MODULES = YES;
				CLANG_ENABLE_OBJC_ARC = YES;
				CLANG_ENABLE_OBJC_WEAK = YES;
				CLANG_WARN_BLOCK_CAPTURE_AUTORELEASING = YES;
				CLANG_WARN_BOOL_CONVERSION = YES;
				CLANG_WARN_COMMA = YES;
				CLANG_WARN_CONSTANT_CONVERSION = YES;
				CLANG_WARN_DEPRECATED_OBJC_IMPLEMENTATIONS = YES;
				CLANG_WARN_DIRECT_OBJC_ISA_USAGE = YES_ERROR;
				CLANG_WARN_DOCUMENTATION_COMMENTS = YES;
				CLANG_WARN_EMPTY_BODY = YES;
				CLANG_WARN_ENUM_CONVERSION = YES;
				CLANG_WARN_INFINITE_RECURSION = YES;
				CLANG_WARN_INT_CONVERSION = YES;
				CLANG_WARN_NON_LITERAL_NULL_CONVERSION = YES;
				CLANG_WARN_OBJC_IMPLICIT_RETAIN_SELF = YES;
				CLANG_WARN_OBJC_LITERAL_CONVERSION = YES;
				CLANG_WARN_OBJC_ROOT_CLASS = YES_ERROR;
				CLANG_WARN_QUOTED_INCLUDE_IN_FRAMEWORK_HEADER = YES;
				CLANG_WARN_RANGE_LOOP_ANALYSIS = YES;
				CLANG_WARN_STRICT_PROTOTYPES = YES;
				CLANG_WARN_SUSPICIOUS_MOVE = YES;
				CLANG_WARN_UNGUARDED_AVAILABILITY = YES_AGGRESSIVE;
				CLANG_WARN_UNREACHABLE_CODE = YES;
				CLANG_WARN__DUPLICATE_METHOD_MATCH = YES;
				COPY_PHASE_STRIP = NO;
				DEBUG_INFORMATION_FORMAT = dwarf;
				ENABLE_STRICT_OBJC_MSGSEND = YES;
				ENABLE_TESTABILITY = YES;
				ENABLE_USER_SCRIPT_SANDBOXING = YES;
				GCC_C_LANGUAGE_STANDARD = gnu17;
				GCC_DYNAMIC_NO_PIC = NO;
				GCC_NO_COMMON_BLOCKS = YES;
				GCC_OPTIMIZATION_LEVEL = 0;
				GCC_PREPROCESSOR_DEFINITIONS = (
					"DEBUG=1",
					"$(inherited)",
				);
				GCC_WARN_64_TO_32_BIT_CONVERSION = YES;
				GCC_WARN_ABOUT_RETURN_TYPE = YES_ERROR;
				GCC_WARN_UNDECLARED_SELECTOR = YES;
				GCC_WARN_UNINITIALIZED_AUTOS = YES_AGGRESSIVE;
				GCC_WARN_UNUSED_FUNCTION = YES;
				GCC_WARN_UNUSED_VARIABLE = YES;
				IPHONEOS_DEPLOYMENT_TARGET = 16.0;
				LOCALIZATION_PREFERS_STRING_CATALOGS = YES;
				MTL_ENABLE_DEBUG_INFO = INCLUDE_SOURCE;
				MTL_FAST_MATH = YES;
				ONLY_ACTIVE_ARCH = YES;
				SDKROOT = iphoneos;
				SWIFT_ACTIVE_COMPILATION_CONDITIONS = "DEBUG $(inherited)";
				SWIFT_OPTIMIZATION_LEVEL = "-Onone";
			};
			name = Debug;
		};
		19F2CB782B44DEED000278B6 /* Release */ = {
			isa = XCBuildConfiguration;
			buildSettings = {
				ALWAYS_SEARCH_USER_PATHS = NO;
				ASSETCATALOG_COMPILER_GENERATE_SWIFT_ASSET_SYMBOL_EXTENSIONS = YES;
				CLANG_ANALYZER_NONNULL = YES;
				CLANG_ANALYZER_NUMBER_OBJECT_CONVERSION = YES_AGGRESSIVE;
				CLANG_CXX_LANGUAGE_STANDARD = "gnu++20";
				CLANG_ENABLE_MODULES = YES;
				CLANG_ENABLE_OBJC_ARC = YES;
				CLANG_ENABLE_OBJC_WEAK = YES;
				CLANG_WARN_BLOCK_CAPTURE_AUTORELEASING = YES;
				CLANG_WARN_BOOL_CONVERSION = YES;
				CLANG_WARN_COMMA = YES;
				CLANG_WARN_CONSTANT_CONVERSION = YES;
				CLANG_WARN_DEPRECATED_OBJC_IMPLEMENTATIONS = YES;
				CLANG_WARN_DIRECT_OBJC_ISA_USAGE = YES_ERROR;
				CLANG_WARN_DOCUMENTATION_COMMENTS = YES;
				CLANG_WARN_EMPTY_BODY = YES;
				CLANG_WARN_ENUM_CONVERSION = YES;
				CLANG_WARN_INFINITE_RECURSION = YES;
				CLANG_WARN_INT_CONVERSION = YES;
				CLANG_WARN_NON_LITERAL_NULL_CONVERSION = YES;
				CLANG_WARN_OBJC_IMPLICIT_RETAIN_SELF = YES;
				CLANG_WARN_OBJC_LITERAL_CONVERSION = YES;
				CLANG_WARN_OBJC_ROOT_CLASS = YES_ERROR;
				CLANG_WARN_QUOTED_INCLUDE_IN_FRAMEWORK_HEADER = YES;
				CLANG_WARN_RANGE_LOOP_ANALYSIS = YES;
				CLANG_WARN_STRICT_PROTOTYPES = YES;
				CLANG_WARN_SUSPICIOUS_MOVE = YES;
				CLANG_WARN_UNGUARDED_AVAILABILITY = YES_AGGRESSIVE;
				CLANG_WARN_UNREACHABLE_CODE = YES;
				CLANG_WARN__DUPLICATE_METHOD_MATCH = YES;
				COPY_PHASE_STRIP = NO;
				DEBUG_INFORMATION_FORMAT = "dwarf-with-dsym";
				ENABLE_NS_ASSERTIONS = NO;
				ENABLE_STRICT_OBJC_MSGSEND = YES;
				ENABLE_USER_SCRIPT_SANDBOXING = YES;
				GCC_C_LANGUAGE_STANDARD = gnu17;
				GCC_NO_COMMON_BLOCKS = YES;
				GCC_WARN_64_TO_32_BIT_CONVERSION = YES;
				GCC_WARN_ABOUT_RETURN_TYPE = YES_ERROR;
				GCC_WARN_UNDECLARED_SELECTOR = YES;
				GCC_WARN_UNINITIALIZED_AUTOS = YES_AGGRESSIVE;
				GCC_WARN_UNUSED_FUNCTION = YES;
				GCC_WARN_UNUSED_VARIABLE = YES;
				IPHONEOS_DEPLOYMENT_TARGET = 16.0;
				LOCALIZATION_PREFERS_STRING_CATALOGS = YES;
				MTL_ENABLE_DEBUG_INFO = NO;
				MTL_FAST_MATH = YES;
				SDKROOT = iphoneos;
				SWIFT_COMPILATION_MODE = wholemodule;
				VALIDATE_PRODUCT = YES;
			};
			name = Release;
		};
		19F2CB7A2B44DEED000278B6 /* Debug */ = {
			isa = XCBuildConfiguration;
			buildSettings = {
				ASSETCATALOG_COMPILER_APPICON_NAME = AppIcon;
				ASSETCATALOG_COMPILER_GLOBAL_ACCENT_COLOR_NAME = AccentColor;
				CODE_SIGN_STYLE = Automatic;
				CURRENT_PROJECT_VERSION = 1;
				DEVELOPMENT_TEAM = 3N8YF6V23Z;
				GENERATE_INFOPLIST_FILE = YES;
				INFOPLIST_FILE = mealme/Info.plist;
				INFOPLIST_KEY_LSApplicationCategoryType = "public.app-category.food-and-drink";
				INFOPLIST_KEY_UIApplicationSupportsIndirectInputEvents = YES;
				INFOPLIST_KEY_UILaunchStoryboardName = LaunchScreen;
				INFOPLIST_KEY_UISupportedInterfaceOrientations = UIInterfaceOrientationPortrait;
				LD_RUNPATH_SEARCH_PATHS = (
					"$(inherited)",
					"@executable_path/Frameworks",
				);
				MARKETING_VERSION = 1.0;
				PRODUCT_BUNDLE_IDENTIFIER = "com.artem-project.mealme";
				PRODUCT_NAME = "$(TARGET_NAME)";
				SUPPORTED_PLATFORMS = "iphoneos iphonesimulator";
				SUPPORTS_MACCATALYST = NO;
				SUPPORTS_MAC_DESIGNED_FOR_IPHONE_IPAD = NO;
				SUPPORTS_XR_DESIGNED_FOR_IPHONE_IPAD = NO;
				SWIFT_EMIT_LOC_STRINGS = YES;
				SWIFT_VERSION = 5.0;
				TARGETED_DEVICE_FAMILY = 1;
			};
			name = Debug;
		};
		19F2CB7B2B44DEED000278B6 /* Release */ = {
			isa = XCBuildConfiguration;
			buildSettings = {
				ASSETCATALOG_COMPILER_APPICON_NAME = AppIcon;
				ASSETCATALOG_COMPILER_GLOBAL_ACCENT_COLOR_NAME = AccentColor;
				CODE_SIGN_STYLE = Automatic;
				CURRENT_PROJECT_VERSION = 1;
				DEVELOPMENT_TEAM = 3N8YF6V23Z;
				GENERATE_INFOPLIST_FILE = YES;
				INFOPLIST_FILE = mealme/Info.plist;
				INFOPLIST_KEY_LSApplicationCategoryType = "public.app-category.food-and-drink";
				INFOPLIST_KEY_UIApplicationSupportsIndirectInputEvents = YES;
				INFOPLIST_KEY_UILaunchStoryboardName = LaunchScreen;
				INFOPLIST_KEY_UISupportedInterfaceOrientations = UIInterfaceOrientationPortrait;
				LD_RUNPATH_SEARCH_PATHS = (
					"$(inherited)",
					"@executable_path/Frameworks",
				);
				MARKETING_VERSION = 1.0;
				PRODUCT_BUNDLE_IDENTIFIER = "com.artem-project.mealme";
				PRODUCT_NAME = "$(TARGET_NAME)";
				SUPPORTED_PLATFORMS = "iphoneos iphonesimulator";
				SUPPORTS_MACCATALYST = NO;
				SUPPORTS_MAC_DESIGNED_FOR_IPHONE_IPAD = NO;
				SUPPORTS_XR_DESIGNED_FOR_IPHONE_IPAD = NO;
				SWIFT_EMIT_LOC_STRINGS = YES;
				SWIFT_VERSION = 5.0;
				TARGETED_DEVICE_FAMILY = 1;
			};
			name = Release;
		};
		19F2CB7D2B44DEED000278B6 /* Debug */ = {
			isa = XCBuildConfiguration;
			buildSettings = {
				ALWAYS_EMBED_SWIFT_STANDARD_LIBRARIES = YES;
				BUNDLE_LOADER = "$(TEST_HOST)";
				CODE_SIGN_STYLE = Automatic;
				CURRENT_PROJECT_VERSION = 1;
				DEVELOPMENT_TEAM = 3N8YF6V23Z;
				GENERATE_INFOPLIST_FILE = YES;
				IPHONEOS_DEPLOYMENT_TARGET = 17.2;
				MARKETING_VERSION = 1.0;
				PRODUCT_BUNDLE_IDENTIFIER = "com.artem-project.mealmeTests";
				PRODUCT_NAME = "$(TARGET_NAME)";
				SWIFT_EMIT_LOC_STRINGS = NO;
				SWIFT_VERSION = 5.0;
				TARGETED_DEVICE_FAMILY = "1,2";
				TEST_HOST = "$(BUILT_PRODUCTS_DIR)/mealme.app/$(BUNDLE_EXECUTABLE_FOLDER_PATH)/mealme";
			};
			name = Debug;
		};
		19F2CB7E2B44DEED000278B6 /* Release */ = {
			isa = XCBuildConfiguration;
			buildSettings = {
				ALWAYS_EMBED_SWIFT_STANDARD_LIBRARIES = YES;
				BUNDLE_LOADER = "$(TEST_HOST)";
				CODE_SIGN_STYLE = Automatic;
				CURRENT_PROJECT_VERSION = 1;
				DEVELOPMENT_TEAM = 3N8YF6V23Z;
				GENERATE_INFOPLIST_FILE = YES;
				IPHONEOS_DEPLOYMENT_TARGET = 17.2;
				MARKETING_VERSION = 1.0;
				PRODUCT_BUNDLE_IDENTIFIER = "com.artem-project.mealmeTests";
				PRODUCT_NAME = "$(TARGET_NAME)";
				SWIFT_EMIT_LOC_STRINGS = NO;
				SWIFT_VERSION = 5.0;
				TARGETED_DEVICE_FAMILY = "1,2";
				TEST_HOST = "$(BUILT_PRODUCTS_DIR)/mealme.app/$(BUNDLE_EXECUTABLE_FOLDER_PATH)/mealme";
			};
			name = Release;
		};
		19F2CB802B44DEED000278B6 /* Debug */ = {
			isa = XCBuildConfiguration;
			buildSettings = {
				ALWAYS_EMBED_SWIFT_STANDARD_LIBRARIES = YES;
				CODE_SIGN_STYLE = Automatic;
				CURRENT_PROJECT_VERSION = 1;
				DEVELOPMENT_TEAM = 3N8YF6V23Z;
				GENERATE_INFOPLIST_FILE = YES;
				MARKETING_VERSION = 1.0;
				PRODUCT_BUNDLE_IDENTIFIER = "com.artem-project.mealmeUITests";
				PRODUCT_NAME = "$(TARGET_NAME)";
				SWIFT_EMIT_LOC_STRINGS = NO;
				SWIFT_VERSION = 5.0;
				TARGETED_DEVICE_FAMILY = "1,2";
				TEST_TARGET_NAME = mealme;
			};
			name = Debug;
		};
		19F2CB812B44DEED000278B6 /* Release */ = {
			isa = XCBuildConfiguration;
			buildSettings = {
				ALWAYS_EMBED_SWIFT_STANDARD_LIBRARIES = YES;
				CODE_SIGN_STYLE = Automatic;
				CURRENT_PROJECT_VERSION = 1;
				DEVELOPMENT_TEAM = 3N8YF6V23Z;
				GENERATE_INFOPLIST_FILE = YES;
				MARKETING_VERSION = 1.0;
				PRODUCT_BUNDLE_IDENTIFIER = "com.artem-project.mealmeUITests";
				PRODUCT_NAME = "$(TARGET_NAME)";
				SWIFT_EMIT_LOC_STRINGS = NO;
				SWIFT_VERSION = 5.0;
				TARGETED_DEVICE_FAMILY = "1,2";
				TEST_TARGET_NAME = mealme;
			};
			name = Release;
		};
/* End XCBuildConfiguration section */

/* Begin XCConfigurationList section */
		19F2CB4A2B44DEEA000278B6 /* Build configuration list for PBXProject "mealme" */ = {
			isa = XCConfigurationList;
			buildConfigurations = (
				19F2CB772B44DEED000278B6 /* Debug */,
				19F2CB782B44DEED000278B6 /* Release */,
			);
			defaultConfigurationIsVisible = 0;
			defaultConfigurationName = Release;
		};
		19F2CB792B44DEED000278B6 /* Build configuration list for PBXNativeTarget "mealme" */ = {
			isa = XCConfigurationList;
			buildConfigurations = (
				19F2CB7A2B44DEED000278B6 /* Debug */,
				19F2CB7B2B44DEED000278B6 /* Release */,
			);
			defaultConfigurationIsVisible = 0;
			defaultConfigurationName = Release;
		};
		19F2CB7C2B44DEED000278B6 /* Build configuration list for PBXNativeTarget "mealmeTests" */ = {
			isa = XCConfigurationList;
			buildConfigurations = (
				19F2CB7D2B44DEED000278B6 /* Debug */,
				19F2CB7E2B44DEED000278B6 /* Release */,
			);
			defaultConfigurationIsVisible = 0;
			defaultConfigurationName = Release;
		};
		19F2CB7F2B44DEED000278B6 /* Build configuration list for PBXNativeTarget "mealmeUITests" */ = {
			isa = XCConfigurationList;
			buildConfigurations = (
				19F2CB802B44DEED000278B6 /* Debug */,
				19F2CB812B44DEED000278B6 /* Release */,
			);
			defaultConfigurationIsVisible = 0;
			defaultConfigurationName = Release;
		};
/* End XCConfigurationList section */
	};
	rootObject = 19F2CB472B44DEEA000278B6 /* Project object */;
}
